
Microsoft Visual Studio Solution File, Format Version 12.00
# Visual Studio Version 16
VisualStudioVersion = 16.0.30523.141
MinimumVisualStudioVersion = 10.0.40219.1
Project("{FAE04EC0-301F-11D3-BF4B-00C04F79EFBC}") = "ClientCFC-P4-074", "ClientCFC-P4-074\ClientCFC-P4-074.csproj", "{6A12070D-5EBF-40C7-8D89-584E479165F5}"
EndProject
Global
	GlobalSection(SolutionConfigurationPlatforms) = preSolution
		Debug|Any CPU = Debug|Any CPU
		Release|Any CPU = Release|Any CPU
	EndGlobalSection
	GlobalSection(ProjectConfigurationPlatforms) = postSolution
		{6A12070D-5EBF-40C7-8D89-584E479165F5}.Debug|Any CPU.ActiveCfg = Debug|Any CPU
		{6A12070D-5EBF-40C7-8D89-584E479165F5}.Debug|Any CPU.Build.0 = Debug|Any CPU
		{6A12070D-5EBF-40C7-8D89-584E479165F5}.Release|Any CPU.ActiveCfg = Release|Any CPU
		{6A12070D-5EBF-40C7-8D89-584E479165F5}.Release|Any CPU.Build.0 = Release|Any CPU
	EndGlobalSection
	GlobalSection(SolutionProperties) = preSolution
		HideSolutionNode = FALSE
	EndGlobalSection
	GlobalSection(ExtensibilityGlobals) = postSolution
		SolutionGuid = {669640C6-8871-492E-BAC9-AF1954550470}
	EndGlobalSection
EndGlobal
